
Microsoft Visual Studio Solution File, Format Version 12.00
# Visual Studio Version 16
VisualStudioVersion = 16.0.29025.244
MinimumVisualStudioVersion = 10.0.40219.1
Project("{FAE04EC0-301F-11D3-BF4B-00C04F79EFBC}") = "1-OOP", "1-OOP\1-OOP.csproj", "{94AE41A6-E489-48E5-AD89-B5E946394212}"
EndProject
Global
	GlobalSection(SolutionConfigurationPlatforms) = preSolution
		Debug|Any CPU = Debug|Any CPU
		Release|Any CPU = Release|Any CPU
	EndGlobalSection
	GlobalSection(ProjectConfigurationPlatforms) = postSolution
		{94AE41A6-E489-48E5-AD89-B5E946394212}.Debug|Any CPU.ActiveCfg = Debug|Any CPU
		{94AE41A6-E489-48E5-AD89-B5E946394212}.Debug|Any CPU.Build.0 = Debug|Any CPU
		{94AE41A6-E489-48E5-AD89-B5E946394212}.Release|Any CPU.ActiveCfg = Release|Any CPU
		{94AE41A6-E489-48E5-AD89-B5E946394212}.Release|Any CPU.Build.0 = Release|Any CPU
	EndGlobalSection
	GlobalSection(SolutionProperties) = preSolution
		HideSolutionNode = FALSE
	EndGlobalSection
	GlobalSection(ExtensibilityGlobals) = postSolution
		SolutionGuid = {E9B462CA-146A-400F-8B57-831F369BF945}
	EndGlobalSection
EndGlobal
