
Microsoft Visual Studio Solution File, Format Version 12.00
# Visual Studio Version 16
VisualStudioVersion = 16.0.29025.244
MinimumVisualStudioVersion = 10.0.40219.1
Project("{FAE04EC0-301F-11D3-BF4B-00C04F79EFBC}") = "21-AdvancedClass-Stopwatch", "21-AdvancedClass-Stopwatch\21-AdvancedClass-Stopwatch.csproj", "{2D8F1C7F-AA25-43DF-A84E-3F1242AFC672}"
EndProject
Global
	GlobalSection(SolutionConfigurationPlatforms) = preSolution
		Debug|Any CPU = Debug|Any CPU
		Release|Any CPU = Release|Any CPU
	EndGlobalSection
	GlobalSection(ProjectConfigurationPlatforms) = postSolution
		{2D8F1C7F-AA25-43DF-A84E-3F1242AFC672}.Debug|Any CPU.ActiveCfg = Debug|Any CPU
		{2D8F1C7F-AA25-43DF-A84E-3F1242AFC672}.Debug|Any CPU.Build.0 = Debug|Any CPU
		{2D8F1C7F-AA25-43DF-A84E-3F1242AFC672}.Release|Any CPU.ActiveCfg = Release|Any CPU
		{2D8F1C7F-AA25-43DF-A84E-3F1242AFC672}.Release|Any CPU.Build.0 = Release|Any CPU
	EndGlobalSection
	GlobalSection(SolutionProperties) = preSolution
		HideSolutionNode = FALSE
	EndGlobalSection
	GlobalSection(ExtensibilityGlobals) = postSolution
		SolutionGuid = {5128CDCF-D6FE-42AB-850F-934F9AF1B5C3}
	EndGlobalSection
EndGlobal
