
Microsoft Visual Studio Solution File, Format Version 12.00
# Visual Studio Version 16
VisualStudioVersion = 16.0.29025.244
MinimumVisualStudioVersion = 10.0.40219.1
Project("{FAE04EC0-301F-11D3-BF4B-00C04F79EFBC}") = "MonitorApp", "MonitorApp\MonitorApp.csproj", "{B20A9179-E831-42E0-843A-85EDF6C54D7A}"
EndProject
Global
	GlobalSection(SolutionConfigurationPlatforms) = preSolution
		Debug|Any CPU = Debug|Any CPU
		Release|Any CPU = Release|Any CPU
	EndGlobalSection
	GlobalSection(ProjectConfigurationPlatforms) = postSolution
		{B20A9179-E831-42E0-843A-85EDF6C54D7A}.Debug|Any CPU.ActiveCfg = Debug|Any CPU
		{B20A9179-E831-42E0-843A-85EDF6C54D7A}.Debug|Any CPU.Build.0 = Debug|Any CPU
		{B20A9179-E831-42E0-843A-85EDF6C54D7A}.Release|Any CPU.ActiveCfg = Release|Any CPU
		{B20A9179-E831-42E0-843A-85EDF6C54D7A}.Release|Any CPU.Build.0 = Release|Any CPU
	EndGlobalSection
	GlobalSection(SolutionProperties) = preSolution
		HideSolutionNode = FALSE
	EndGlobalSection
	GlobalSection(ExtensibilityGlobals) = postSolution
		SolutionGuid = {37A3D6FF-6671-4529-84E4-68B9908A2CFC}
	EndGlobalSection
EndGlobal
