
Microsoft Visual Studio Solution File, Format Version 12.00
# Visual Studio Version 16
VisualStudioVersion = 16.0.29025.244
MinimumVisualStudioVersion = 10.0.40219.1
Project("{FAE04EC0-301F-11D3-BF4B-00C04F79EFBC}") = "7-OOP", "7-OOP\7-OOP.csproj", "{27E9D75E-57AB-4228-B6A4-69492E2F0F05}"
EndProject
Global
	GlobalSection(SolutionConfigurationPlatforms) = preSolution
		Debug|Any CPU = Debug|Any CPU
		Release|Any CPU = Release|Any CPU
	EndGlobalSection
	GlobalSection(ProjectConfigurationPlatforms) = postSolution
		{27E9D75E-57AB-4228-B6A4-69492E2F0F05}.Debug|Any CPU.ActiveCfg = Debug|Any CPU
		{27E9D75E-57AB-4228-B6A4-69492E2F0F05}.Debug|Any CPU.Build.0 = Debug|Any CPU
		{27E9D75E-57AB-4228-B6A4-69492E2F0F05}.Release|Any CPU.ActiveCfg = Release|Any CPU
		{27E9D75E-57AB-4228-B6A4-69492E2F0F05}.Release|Any CPU.Build.0 = Release|Any CPU
	EndGlobalSection
	GlobalSection(SolutionProperties) = preSolution
		HideSolutionNode = FALSE
	EndGlobalSection
	GlobalSection(ExtensibilityGlobals) = postSolution
		SolutionGuid = {2248B66D-EAA4-493D-860A-CC0DEEF8D008}
	EndGlobalSection
EndGlobal
