
Microsoft Visual Studio Solution File, Format Version 12.00
# Visual Studio Version 16
VisualStudioVersion = 16.0.29025.244
MinimumVisualStudioVersion = 10.0.40219.1
Project("{FAE04EC0-301F-11D3-BF4B-00C04F79EFBC}") = "11-AdvancedCollections-GenericStack", "11-AdvancedCollections-GenericStack\11-AdvancedCollections-GenericStack.csproj", "{B98F13B5-15D4-444D-83BB-FC80CB95613E}"
EndProject
Global
	GlobalSection(SolutionConfigurationPlatforms) = preSolution
		Debug|Any CPU = Debug|Any CPU
		Release|Any CPU = Release|Any CPU
	EndGlobalSection
	GlobalSection(ProjectConfigurationPlatforms) = postSolution
		{B98F13B5-15D4-444D-83BB-FC80CB95613E}.Debug|Any CPU.ActiveCfg = Debug|Any CPU
		{B98F13B5-15D4-444D-83BB-FC80CB95613E}.Debug|Any CPU.Build.0 = Debug|Any CPU
		{B98F13B5-15D4-444D-83BB-FC80CB95613E}.Release|Any CPU.ActiveCfg = Release|Any CPU
		{B98F13B5-15D4-444D-83BB-FC80CB95613E}.Release|Any CPU.Build.0 = Release|Any CPU
	EndGlobalSection
	GlobalSection(SolutionProperties) = preSolution
		HideSolutionNode = FALSE
	EndGlobalSection
	GlobalSection(ExtensibilityGlobals) = postSolution
		SolutionGuid = {7DCECC01-9937-418F-A501-4AF38366DB26}
	EndGlobalSection
EndGlobal
