
Microsoft Visual Studio Solution File, Format Version 12.00
# Visual Studio Version 16
VisualStudioVersion = 16.0.29025.244
MinimumVisualStudioVersion = 10.0.40219.1
Project("{FAE04EC0-301F-11D3-BF4B-00C04F79EFBC}") = "AssemblyApp", "AssemblyApp\AssemblyApp.csproj", "{8F887510-A8E8-45FF-91D2-ED7A69B99411}"
EndProject
Global
	GlobalSection(SolutionConfigurationPlatforms) = preSolution
		Debug|Any CPU = Debug|Any CPU
		Release|Any CPU = Release|Any CPU
	EndGlobalSection
	GlobalSection(ProjectConfigurationPlatforms) = postSolution
		{8F887510-A8E8-45FF-91D2-ED7A69B99411}.Debug|Any CPU.ActiveCfg = Debug|Any CPU
		{8F887510-A8E8-45FF-91D2-ED7A69B99411}.Debug|Any CPU.Build.0 = Debug|Any CPU
		{8F887510-A8E8-45FF-91D2-ED7A69B99411}.Release|Any CPU.ActiveCfg = Release|Any CPU
		{8F887510-A8E8-45FF-91D2-ED7A69B99411}.Release|Any CPU.Build.0 = Release|Any CPU
	EndGlobalSection
	GlobalSection(SolutionProperties) = preSolution
		HideSolutionNode = FALSE
	EndGlobalSection
	GlobalSection(ExtensibilityGlobals) = postSolution
		SolutionGuid = {2F5F8D22-E7EF-4E83-9571-A59F2892A0D8}
	EndGlobalSection
EndGlobal
