
Microsoft Visual Studio Solution File, Format Version 12.00
# Visual Studio Version 16
VisualStudioVersion = 16.0.29025.244
MinimumVisualStudioVersion = 10.0.40219.1
Project("{FAE04EC0-301F-11D3-BF4B-00C04F79EFBC}") = "6-AdvancedClassGenericCollections-Queues", "6-AdvancedClassGenericCollections-Queues\6-AdvancedClassGenericCollections-Queues.csproj", "{5456FE4D-36F2-4CB0-BD43-406DB02A3FCE}"
EndProject
Global
	GlobalSection(SolutionConfigurationPlatforms) = preSolution
		Debug|Any CPU = Debug|Any CPU
		Release|Any CPU = Release|Any CPU
	EndGlobalSection
	GlobalSection(ProjectConfigurationPlatforms) = postSolution
		{5456FE4D-36F2-4CB0-BD43-406DB02A3FCE}.Debug|Any CPU.ActiveCfg = Debug|Any CPU
		{5456FE4D-36F2-4CB0-BD43-406DB02A3FCE}.Debug|Any CPU.Build.0 = Debug|Any CPU
		{5456FE4D-36F2-4CB0-BD43-406DB02A3FCE}.Release|Any CPU.ActiveCfg = Release|Any CPU
		{5456FE4D-36F2-4CB0-BD43-406DB02A3FCE}.Release|Any CPU.Build.0 = Release|Any CPU
	EndGlobalSection
	GlobalSection(SolutionProperties) = preSolution
		HideSolutionNode = FALSE
	EndGlobalSection
	GlobalSection(ExtensibilityGlobals) = postSolution
		SolutionGuid = {40761BE9-3843-4AA8-9C70-F03D8A40F7D7}
	EndGlobalSection
EndGlobal
