
Microsoft Visual Studio Solution File, Format Version 12.00
# Visual Studio Version 16
VisualStudioVersion = 16.0.29025.244
MinimumVisualStudioVersion = 10.0.40219.1
Project("{FAE04EC0-301F-11D3-BF4B-00C04F79EFBC}") = "3-OOP", "3-OOP\3-OOP.csproj", "{EB44551E-9553-4B7F-AA8B-5B01CE7B6F7B}"
EndProject
Global
	GlobalSection(SolutionConfigurationPlatforms) = preSolution
		Debug|Any CPU = Debug|Any CPU
		Release|Any CPU = Release|Any CPU
	EndGlobalSection
	GlobalSection(ProjectConfigurationPlatforms) = postSolution
		{EB44551E-9553-4B7F-AA8B-5B01CE7B6F7B}.Debug|Any CPU.ActiveCfg = Debug|Any CPU
		{EB44551E-9553-4B7F-AA8B-5B01CE7B6F7B}.Debug|Any CPU.Build.0 = Debug|Any CPU
		{EB44551E-9553-4B7F-AA8B-5B01CE7B6F7B}.Release|Any CPU.ActiveCfg = Release|Any CPU
		{EB44551E-9553-4B7F-AA8B-5B01CE7B6F7B}.Release|Any CPU.Build.0 = Release|Any CPU
	EndGlobalSection
	GlobalSection(SolutionProperties) = preSolution
		HideSolutionNode = FALSE
	EndGlobalSection
	GlobalSection(ExtensibilityGlobals) = postSolution
		SolutionGuid = {E4CC0202-B353-41B3-BF45-D77356566E50}
	EndGlobalSection
EndGlobal
