
Microsoft Visual Studio Solution File, Format Version 12.00
# Visual Studio Version 16
VisualStudioVersion = 16.0.29025.244
MinimumVisualStudioVersion = 10.0.40219.1
Project("{FAE04EC0-301F-11D3-BF4B-00C04F79EFBC}") = "12-AdvancedCollections-GenericQueue", "12-AdvancedCollections-GenericQueue\12-AdvancedCollections-GenericQueue.csproj", "{CC865B59-C0BE-4AAF-8F51-04810942D526}"
EndProject
Global
	GlobalSection(SolutionConfigurationPlatforms) = preSolution
		Debug|Any CPU = Debug|Any CPU
		Release|Any CPU = Release|Any CPU
	EndGlobalSection
	GlobalSection(ProjectConfigurationPlatforms) = postSolution
		{CC865B59-C0BE-4AAF-8F51-04810942D526}.Debug|Any CPU.ActiveCfg = Debug|Any CPU
		{CC865B59-C0BE-4AAF-8F51-04810942D526}.Debug|Any CPU.Build.0 = Debug|Any CPU
		{CC865B59-C0BE-4AAF-8F51-04810942D526}.Release|Any CPU.ActiveCfg = Release|Any CPU
		{CC865B59-C0BE-4AAF-8F51-04810942D526}.Release|Any CPU.Build.0 = Release|Any CPU
	EndGlobalSection
	GlobalSection(SolutionProperties) = preSolution
		HideSolutionNode = FALSE
	EndGlobalSection
	GlobalSection(ExtensibilityGlobals) = postSolution
		SolutionGuid = {A036FB90-FF54-4D00-97F5-D91BEB9791E9}
	EndGlobalSection
EndGlobal
