
Microsoft Visual Studio Solution File, Format Version 12.00
# Visual Studio Version 16
VisualStudioVersion = 16.0.29025.244
MinimumVisualStudioVersion = 10.0.40219.1
Project("{FAE04EC0-301F-11D3-BF4B-00C04F79EFBC}") = "1-AdvancedClass-Debugging", "1-AdvancedClass-Debugging\1-AdvancedClass-Debugging.csproj", "{BABD6849-9393-4B12-A515-B1E0F2CCE5AB}"
EndProject
Global
	GlobalSection(SolutionConfigurationPlatforms) = preSolution
		Debug|Any CPU = Debug|Any CPU
		Release|Any CPU = Release|Any CPU
	EndGlobalSection
	GlobalSection(ProjectConfigurationPlatforms) = postSolution
		{BABD6849-9393-4B12-A515-B1E0F2CCE5AB}.Debug|Any CPU.ActiveCfg = Debug|Any CPU
		{BABD6849-9393-4B12-A515-B1E0F2CCE5AB}.Debug|Any CPU.Build.0 = Debug|Any CPU
		{BABD6849-9393-4B12-A515-B1E0F2CCE5AB}.Release|Any CPU.ActiveCfg = Release|Any CPU
		{BABD6849-9393-4B12-A515-B1E0F2CCE5AB}.Release|Any CPU.Build.0 = Release|Any CPU
	EndGlobalSection
	GlobalSection(SolutionProperties) = preSolution
		HideSolutionNode = FALSE
	EndGlobalSection
	GlobalSection(ExtensibilityGlobals) = postSolution
		SolutionGuid = {CF8E841B-FF51-47EC-BDDD-2DCC896F6E0E}
	EndGlobalSection
EndGlobal
