
Microsoft Visual Studio Solution File, Format Version 12.00
# Visual Studio Version 16
VisualStudioVersion = 16.0.29025.244
MinimumVisualStudioVersion = 10.0.40219.1
Project("{FAE04EC0-301F-11D3-BF4B-00C04F79EFBC}") = "Exceptions", "Exceptions\Exceptions.csproj", "{EB1DBC34-4243-4373-9E13-88AE51649CF5}"
EndProject
Global
	GlobalSection(SolutionConfigurationPlatforms) = preSolution
		Debug|Any CPU = Debug|Any CPU
		Release|Any CPU = Release|Any CPU
	EndGlobalSection
	GlobalSection(ProjectConfigurationPlatforms) = postSolution
		{EB1DBC34-4243-4373-9E13-88AE51649CF5}.Debug|Any CPU.ActiveCfg = Debug|Any CPU
		{EB1DBC34-4243-4373-9E13-88AE51649CF5}.Debug|Any CPU.Build.0 = Debug|Any CPU
		{EB1DBC34-4243-4373-9E13-88AE51649CF5}.Release|Any CPU.ActiveCfg = Release|Any CPU
		{EB1DBC34-4243-4373-9E13-88AE51649CF5}.Release|Any CPU.Build.0 = Release|Any CPU
	EndGlobalSection
	GlobalSection(SolutionProperties) = preSolution
		HideSolutionNode = FALSE
	EndGlobalSection
	GlobalSection(ExtensibilityGlobals) = postSolution
		SolutionGuid = {B3AEA5B6-4EA6-4FD0-A0FD-C553E6A3F35A}
	EndGlobalSection
EndGlobal
