
Microsoft Visual Studio Solution File, Format Version 12.00
# Visual Studio Version 16
VisualStudioVersion = 16.0.29025.244
MinimumVisualStudioVersion = 10.0.40219.1
Project("{FAE04EC0-301F-11D3-BF4B-00C04F79EFBC}") = "FileCreator", "FileCreator\FileCreator.csproj", "{ABE2AFCE-5C0F-43BC-8915-BBC863D32B1F}"
EndProject
Global
	GlobalSection(SolutionConfigurationPlatforms) = preSolution
		Debug|Any CPU = Debug|Any CPU
		Release|Any CPU = Release|Any CPU
	EndGlobalSection
	GlobalSection(ProjectConfigurationPlatforms) = postSolution
		{ABE2AFCE-5C0F-43BC-8915-BBC863D32B1F}.Debug|Any CPU.ActiveCfg = Debug|Any CPU
		{ABE2AFCE-5C0F-43BC-8915-BBC863D32B1F}.Debug|Any CPU.Build.0 = Debug|Any CPU
		{ABE2AFCE-5C0F-43BC-8915-BBC863D32B1F}.Release|Any CPU.ActiveCfg = Release|Any CPU
		{ABE2AFCE-5C0F-43BC-8915-BBC863D32B1F}.Release|Any CPU.Build.0 = Release|Any CPU
	EndGlobalSection
	GlobalSection(SolutionProperties) = preSolution
		HideSolutionNode = FALSE
	EndGlobalSection
	GlobalSection(ExtensibilityGlobals) = postSolution
		SolutionGuid = {1CCB0377-BCB7-4DB9-BE90-F421D6AE27F2}
	EndGlobalSection
EndGlobal
