
Microsoft Visual Studio Solution File, Format Version 12.00
# Visual Studio Version 16
VisualStudioVersion = 16.0.29025.244
MinimumVisualStudioVersion = 10.0.40219.1
Project("{FAE04EC0-301F-11D3-BF4B-00C04F79EFBC}") = "13-AdvancedCollections-KeyValuePair", "13-AdvancedCollections-KeyValuePair\13-AdvancedCollections-KeyValuePair.csproj", "{FD0B9D02-6982-48FA-B6A4-191534C746AB}"
EndProject
Global
	GlobalSection(SolutionConfigurationPlatforms) = preSolution
		Debug|Any CPU = Debug|Any CPU
		Release|Any CPU = Release|Any CPU
	EndGlobalSection
	GlobalSection(ProjectConfigurationPlatforms) = postSolution
		{FD0B9D02-6982-48FA-B6A4-191534C746AB}.Debug|Any CPU.ActiveCfg = Debug|Any CPU
		{FD0B9D02-6982-48FA-B6A4-191534C746AB}.Debug|Any CPU.Build.0 = Debug|Any CPU
		{FD0B9D02-6982-48FA-B6A4-191534C746AB}.Release|Any CPU.ActiveCfg = Release|Any CPU
		{FD0B9D02-6982-48FA-B6A4-191534C746AB}.Release|Any CPU.Build.0 = Release|Any CPU
	EndGlobalSection
	GlobalSection(SolutionProperties) = preSolution
		HideSolutionNode = FALSE
	EndGlobalSection
	GlobalSection(ExtensibilityGlobals) = postSolution
		SolutionGuid = {60B26609-F2FE-408F-A177-DF55239724C6}
	EndGlobalSection
EndGlobal
