
Microsoft Visual Studio Solution File, Format Version 12.00
# Visual Studio Version 16
VisualStudioVersion = 16.0.29025.244
MinimumVisualStudioVersion = 10.0.40219.1
Project("{FAE04EC0-301F-11D3-BF4B-00C04F79EFBC}") = "DLLExample", "DLLExample\DLLExample.csproj", "{CFAD702C-1B7C-4BCD-8280-E7D45E71ADA6}"
EndProject
Global
	GlobalSection(SolutionConfigurationPlatforms) = preSolution
		Debug|Any CPU = Debug|Any CPU
		Release|Any CPU = Release|Any CPU
	EndGlobalSection
	GlobalSection(ProjectConfigurationPlatforms) = postSolution
		{CFAD702C-1B7C-4BCD-8280-E7D45E71ADA6}.Debug|Any CPU.ActiveCfg = Debug|Any CPU
		{CFAD702C-1B7C-4BCD-8280-E7D45E71ADA6}.Debug|Any CPU.Build.0 = Debug|Any CPU
		{CFAD702C-1B7C-4BCD-8280-E7D45E71ADA6}.Release|Any CPU.ActiveCfg = Release|Any CPU
		{CFAD702C-1B7C-4BCD-8280-E7D45E71ADA6}.Release|Any CPU.Build.0 = Release|Any CPU
	EndGlobalSection
	GlobalSection(SolutionProperties) = preSolution
		HideSolutionNode = FALSE
	EndGlobalSection
	GlobalSection(ExtensibilityGlobals) = postSolution
		SolutionGuid = {D747342A-B7BC-43F8-9CC9-473F687C75DA}
	EndGlobalSection
EndGlobal
