
Microsoft Visual Studio Solution File, Format Version 12.00
# Visual Studio Version 16
VisualStudioVersion = 16.0.29025.244
MinimumVisualStudioVersion = 10.0.40219.1
Project("{FAE04EC0-301F-11D3-BF4B-00C04F79EFBC}") = "ExaminationQuestions", "ExaminationQuestions\ExaminationQuestions.csproj", "{28E819CE-55F7-42FE-813E-0F71AE784E7B}"
EndProject
Global
	GlobalSection(SolutionConfigurationPlatforms) = preSolution
		Debug|Any CPU = Debug|Any CPU
		Release|Any CPU = Release|Any CPU
	EndGlobalSection
	GlobalSection(ProjectConfigurationPlatforms) = postSolution
		{28E819CE-55F7-42FE-813E-0F71AE784E7B}.Debug|Any CPU.ActiveCfg = Debug|Any CPU
		{28E819CE-55F7-42FE-813E-0F71AE784E7B}.Debug|Any CPU.Build.0 = Debug|Any CPU
		{28E819CE-55F7-42FE-813E-0F71AE784E7B}.Release|Any CPU.ActiveCfg = Release|Any CPU
		{28E819CE-55F7-42FE-813E-0F71AE784E7B}.Release|Any CPU.Build.0 = Release|Any CPU
	EndGlobalSection
	GlobalSection(SolutionProperties) = preSolution
		HideSolutionNode = FALSE
	EndGlobalSection
	GlobalSection(ExtensibilityGlobals) = postSolution
		SolutionGuid = {C5390A51-EB96-417A-A2D9-831103558038}
	EndGlobalSection
EndGlobal
