
Microsoft Visual Studio Solution File, Format Version 12.00
# Visual Studio Version 16
VisualStudioVersion = 16.0.29025.244
MinimumVisualStudioVersion = 10.0.40219.1
Project("{FAE04EC0-301F-11D3-BF4B-00C04F79EFBC}") = "SafeNavigatorOperator", "SafeNavigatorOperator\SafeNavigatorOperator.csproj", "{88516D21-334B-4174-86F9-BD630D84347D}"
EndProject
Global
	GlobalSection(SolutionConfigurationPlatforms) = preSolution
		Debug|Any CPU = Debug|Any CPU
		Release|Any CPU = Release|Any CPU
	EndGlobalSection
	GlobalSection(ProjectConfigurationPlatforms) = postSolution
		{88516D21-334B-4174-86F9-BD630D84347D}.Debug|Any CPU.ActiveCfg = Debug|Any CPU
		{88516D21-334B-4174-86F9-BD630D84347D}.Debug|Any CPU.Build.0 = Debug|Any CPU
		{88516D21-334B-4174-86F9-BD630D84347D}.Release|Any CPU.ActiveCfg = Release|Any CPU
		{88516D21-334B-4174-86F9-BD630D84347D}.Release|Any CPU.Build.0 = Release|Any CPU
	EndGlobalSection
	GlobalSection(SolutionProperties) = preSolution
		HideSolutionNode = FALSE
	EndGlobalSection
	GlobalSection(ExtensibilityGlobals) = postSolution
		SolutionGuid = {042295EF-6AA9-4E5F-8518-E223CB74E509}
	EndGlobalSection
EndGlobal
