
Microsoft Visual Studio Solution File, Format Version 12.00
# Visual Studio Version 16
VisualStudioVersion = 16.0.29025.244
MinimumVisualStudioVersion = 10.0.40219.1
Project("{FAE04EC0-301F-11D3-BF4B-00C04F79EFBC}") = "20-AdvancedClass-ExtendedMethods", "20-AdvancedClass-ExtendedMethods\20-AdvancedClass-ExtendedMethods.csproj", "{4320BF51-63D6-4F0B-A12E-8A5C4A1CB536}"
EndProject
Global
	GlobalSection(SolutionConfigurationPlatforms) = preSolution
		Debug|Any CPU = Debug|Any CPU
		Release|Any CPU = Release|Any CPU
	EndGlobalSection
	GlobalSection(ProjectConfigurationPlatforms) = postSolution
		{4320BF51-63D6-4F0B-A12E-8A5C4A1CB536}.Debug|Any CPU.ActiveCfg = Debug|Any CPU
		{4320BF51-63D6-4F0B-A12E-8A5C4A1CB536}.Debug|Any CPU.Build.0 = Debug|Any CPU
		{4320BF51-63D6-4F0B-A12E-8A5C4A1CB536}.Release|Any CPU.ActiveCfg = Release|Any CPU
		{4320BF51-63D6-4F0B-A12E-8A5C4A1CB536}.Release|Any CPU.Build.0 = Release|Any CPU
	EndGlobalSection
	GlobalSection(SolutionProperties) = preSolution
		HideSolutionNode = FALSE
	EndGlobalSection
	GlobalSection(ExtensibilityGlobals) = postSolution
		SolutionGuid = {B130603D-FCFF-43CB-A600-5812C0FB149D}
	EndGlobalSection
EndGlobal
