
Microsoft Visual Studio Solution File, Format Version 12.00
# Visual Studio Version 16
VisualStudioVersion = 16.0.29025.244
MinimumVisualStudioVersion = 10.0.40219.1
Project("{FAE04EC0-301F-11D3-BF4B-00C04F79EFBC}") = "MultithreadedApplicationComparison", "MultithreadedApplicationComparison\MultithreadedApplicationComparison.csproj", "{0C366652-67B9-47E3-8650-2AB7EF25987B}"
EndProject
Global
	GlobalSection(SolutionConfigurationPlatforms) = preSolution
		Debug|Any CPU = Debug|Any CPU
		Release|Any CPU = Release|Any CPU
	EndGlobalSection
	GlobalSection(ProjectConfigurationPlatforms) = postSolution
		{0C366652-67B9-47E3-8650-2AB7EF25987B}.Debug|Any CPU.ActiveCfg = Debug|Any CPU
		{0C366652-67B9-47E3-8650-2AB7EF25987B}.Debug|Any CPU.Build.0 = Debug|Any CPU
		{0C366652-67B9-47E3-8650-2AB7EF25987B}.Release|Any CPU.ActiveCfg = Release|Any CPU
		{0C366652-67B9-47E3-8650-2AB7EF25987B}.Release|Any CPU.Build.0 = Release|Any CPU
	EndGlobalSection
	GlobalSection(SolutionProperties) = preSolution
		HideSolutionNode = FALSE
	EndGlobalSection
	GlobalSection(ExtensibilityGlobals) = postSolution
		SolutionGuid = {D6C6EA79-A2D1-4E5E-BC51-FF4F5CE92322}
	EndGlobalSection
EndGlobal
