
Microsoft Visual Studio Solution File, Format Version 12.00
# Visual Studio Version 16
VisualStudioVersion = 16.0.29025.244
MinimumVisualStudioVersion = 10.0.40219.1
Project("{FAE04EC0-301F-11D3-BF4B-00C04F79EFBC}") = "19-AdvancedClassParamsKeyword", "19-AdvancedClassParamsKeyword\19-AdvancedClassParamsKeyword.csproj", "{15FB9ADA-E73C-4A41-9717-4FB1BC741F9D}"
EndProject
Global
	GlobalSection(SolutionConfigurationPlatforms) = preSolution
		Debug|Any CPU = Debug|Any CPU
		Release|Any CPU = Release|Any CPU
	EndGlobalSection
	GlobalSection(ProjectConfigurationPlatforms) = postSolution
		{15FB9ADA-E73C-4A41-9717-4FB1BC741F9D}.Debug|Any CPU.ActiveCfg = Debug|Any CPU
		{15FB9ADA-E73C-4A41-9717-4FB1BC741F9D}.Debug|Any CPU.Build.0 = Debug|Any CPU
		{15FB9ADA-E73C-4A41-9717-4FB1BC741F9D}.Release|Any CPU.ActiveCfg = Release|Any CPU
		{15FB9ADA-E73C-4A41-9717-4FB1BC741F9D}.Release|Any CPU.Build.0 = Release|Any CPU
	EndGlobalSection
	GlobalSection(SolutionProperties) = preSolution
		HideSolutionNode = FALSE
	EndGlobalSection
	GlobalSection(ExtensibilityGlobals) = postSolution
		SolutionGuid = {A15A64C0-F593-4194-AE2D-C276A0DBA3AE}
	EndGlobalSection
EndGlobal
