
Microsoft Visual Studio Solution File, Format Version 12.00
# Visual Studio Version 16
VisualStudioVersion = 16.0.29025.244
MinimumVisualStudioVersion = 10.0.40219.1
Project("{FAE04EC0-301F-11D3-BF4B-00C04F79EFBC}") = "3-AdvancedClass-GenericCollections-HashTable", "3-AdvancedClass-GenericCollections-HashTable\3-AdvancedClass-GenericCollections-HashTable.csproj", "{77FA3450-6536-46B8-AD19-BA2E68D50AD6}"
EndProject
Global
	GlobalSection(SolutionConfigurationPlatforms) = preSolution
		Debug|Any CPU = Debug|Any CPU
		Release|Any CPU = Release|Any CPU
	EndGlobalSection
	GlobalSection(ProjectConfigurationPlatforms) = postSolution
		{77FA3450-6536-46B8-AD19-BA2E68D50AD6}.Debug|Any CPU.ActiveCfg = Debug|Any CPU
		{77FA3450-6536-46B8-AD19-BA2E68D50AD6}.Debug|Any CPU.Build.0 = Debug|Any CPU
		{77FA3450-6536-46B8-AD19-BA2E68D50AD6}.Release|Any CPU.ActiveCfg = Release|Any CPU
		{77FA3450-6536-46B8-AD19-BA2E68D50AD6}.Release|Any CPU.Build.0 = Release|Any CPU
	EndGlobalSection
	GlobalSection(SolutionProperties) = preSolution
		HideSolutionNode = FALSE
	EndGlobalSection
	GlobalSection(ExtensibilityGlobals) = postSolution
		SolutionGuid = {93B22E6F-318B-4A50-A98B-FF28A3C9BC9A}
	EndGlobalSection
EndGlobal
