
Microsoft Visual Studio Solution File, Format Version 12.00
# Visual Studio Version 16
VisualStudioVersion = 16.0.29025.244
MinimumVisualStudioVersion = 10.0.40219.1
Project("{FAE04EC0-301F-11D3-BF4B-00C04F79EFBC}") = "Events", "Events\Events.csproj", "{A8088124-A9AF-435E-85C0-8BAF1817C364}"
EndProject
Global
	GlobalSection(SolutionConfigurationPlatforms) = preSolution
		Debug|Any CPU = Debug|Any CPU
		Release|Any CPU = Release|Any CPU
	EndGlobalSection
	GlobalSection(ProjectConfigurationPlatforms) = postSolution
		{A8088124-A9AF-435E-85C0-8BAF1817C364}.Debug|Any CPU.ActiveCfg = Debug|Any CPU
		{A8088124-A9AF-435E-85C0-8BAF1817C364}.Debug|Any CPU.Build.0 = Debug|Any CPU
		{A8088124-A9AF-435E-85C0-8BAF1817C364}.Release|Any CPU.ActiveCfg = Release|Any CPU
		{A8088124-A9AF-435E-85C0-8BAF1817C364}.Release|Any CPU.Build.0 = Release|Any CPU
	EndGlobalSection
	GlobalSection(SolutionProperties) = preSolution
		HideSolutionNode = FALSE
	EndGlobalSection
	GlobalSection(ExtensibilityGlobals) = postSolution
		SolutionGuid = {40B40BC3-9A22-405B-81AA-F0B558D3087B}
	EndGlobalSection
EndGlobal
