
Microsoft Visual Studio Solution File, Format Version 12.00
# Visual Studio Version 16
VisualStudioVersion = 16.0.29025.244
MinimumVisualStudioVersion = 10.0.40219.1
Project("{FAE04EC0-301F-11D3-BF4B-00C04F79EFBC}") = "PartialClasses", "PartialClasses\PartialClasses.csproj", "{EB62599E-047E-4339-89B6-D7AB4329157F}"
EndProject
Global
	GlobalSection(SolutionConfigurationPlatforms) = preSolution
		Debug|Any CPU = Debug|Any CPU
		Release|Any CPU = Release|Any CPU
	EndGlobalSection
	GlobalSection(ProjectConfigurationPlatforms) = postSolution
		{EB62599E-047E-4339-89B6-D7AB4329157F}.Debug|Any CPU.ActiveCfg = Debug|Any CPU
		{EB62599E-047E-4339-89B6-D7AB4329157F}.Debug|Any CPU.Build.0 = Debug|Any CPU
		{EB62599E-047E-4339-89B6-D7AB4329157F}.Release|Any CPU.ActiveCfg = Release|Any CPU
		{EB62599E-047E-4339-89B6-D7AB4329157F}.Release|Any CPU.Build.0 = Release|Any CPU
	EndGlobalSection
	GlobalSection(SolutionProperties) = preSolution
		HideSolutionNode = FALSE
	EndGlobalSection
	GlobalSection(ExtensibilityGlobals) = postSolution
		SolutionGuid = {073FEBD7-EEB7-419A-8740-6F37BFBC467E}
	EndGlobalSection
EndGlobal
